// !$*UTF8*$!
{
	archiveVersion = 1;
	classes = {
	};
	objectVersion = 51;
	objects = {

/* Begin PBXBuildFile section */
		A80331BD8F771289D52277E4 /* Pods_Curventer.framework in Frameworks */ = {isa = PBXBuildFile; fileRef = E2782CB5822749667B07FC40 /* Pods_Curventer.framework */; };
		B51BD36B25EBE25A00DDCC8C /* CurrencyCell.swift in Sources */ = {isa = PBXBuildFile; fileRef = B51BD36A25EBE25A00DDCC8C /* CurrencyCell.swift */; };
		B56B45A925ED1AA400CD3BAA /* NetworkError.swift in Sources */ = {isa = PBXBuildFile; fileRef = B56B45A825ED1AA400CD3BAA /* NetworkError.swift */; };
		B5790A2F25E78F2B006C0962 /* AppDelegate.swift in Sources */ = {isa = PBXBuildFile; fileRef = B5790A2E25E78F2B006C0962 /* AppDelegate.swift */; };
		B5790A3125E78F2C006C0962 /* SceneDelegate.swift in Sources */ = {isa = PBXBuildFile; fileRef = B5790A3025E78F2C006C0962 /* SceneDelegate.swift */; };
		B5790A3325E78F2C006C0962 /* RatesVC.swift in Sources */ = {isa = PBXBuildFile; fileRef = B5790A3225E78F2C006C0962 /* RatesVC.swift */; };
		B5790A3825E78F33006C0962 /* Assets.xcassets in Resources */ = {isa = PBXBuildFile; fileRef = B5790A3725E78F33006C0962 /* Assets.xcassets */; };
		B5790A3B25E78F33006C0962 /* LaunchScreen.storyboard in Resources */ = {isa = PBXBuildFile; fileRef = B5790A3925E78F33006C0962 /* LaunchScreen.storyboard */; };
		B5790A4325EBB934006C0962 /* RateAPIManager.swift in Sources */ = {isa = PBXBuildFile; fileRef = B5790A4225EBB934006C0962 /* RateAPIManager.swift */; };
		B5790A4525EBBE8F006C0962 /* Rate.swift in Sources */ = {isa = PBXBuildFile; fileRef = B5790A4425EBBE8F006C0962 /* Rate.swift */; };
		B5FAD35825EBF60800B1BA47 /* Currency.swift in Sources */ = {isa = PBXBuildFile; fileRef = B5FAD35725EBF60800B1BA47 /* Currency.swift */; };
		B5FAD35A25EC9B5B00B1BA47 /* EndpointType.swift in Sources */ = {isa = PBXBuildFile; fileRef = B5FAD35925EC9B5B00B1BA47 /* EndpointType.swift */; };
		B5FAD35C25EC9C8000B1BA47 /* RateRouter.swift in Sources */ = {isa = PBXBuildFile; fileRef = B5FAD35B25EC9C8000B1BA47 /* RateRouter.swift */; };
/* End PBXBuildFile section */

/* Begin PBXFileReference section */
		1A26FFDB735D244155CD3028 /* Pods-Curventer.release.xcconfig */ = {isa = PBXFileReference; includeInIndex = 1; lastKnownFileType = text.xcconfig; name = "Pods-Curventer.release.xcconfig"; path = "Target Support Files/Pods-Curventer/Pods-Curventer.release.xcconfig"; sourceTree = "<group>"; };
		8050DA07EF1E19547211472A /* Pods-Curventer.debug.xcconfig */ = {isa = PBXFileReference; includeInIndex = 1; lastKnownFileType = text.xcconfig; name = "Pods-Curventer.debug.xcconfig"; path = "Target Support Files/Pods-Curventer/Pods-Curventer.debug.xcconfig"; sourceTree = "<group>"; };
		B51BD36A25EBE25A00DDCC8C /* CurrencyCell.swift */ = {isa = PBXFileReference; lastKnownFileType = sourcecode.swift; path = CurrencyCell.swift; sourceTree = "<group>"; };
		B56B45A825ED1AA400CD3BAA /* NetworkError.swift */ = {isa = PBXFileReference; lastKnownFileType = sourcecode.swift; path = NetworkError.swift; sourceTree = "<group>"; };
		B5790A2B25E78F2B006C0962 /* Curventer.app */ = {isa = PBXFileReference; explicitFileType = wrapper.application; includeInIndex = 0; path = Curventer.app; sourceTree = BUILT_PRODUCTS_DIR; };
		B5790A2E25E78F2B006C0962 /* AppDelegate.swift */ = {isa = PBXFileReference; lastKnownFileType = sourcecode.swift; path = AppDelegate.swift; sourceTree = "<group>"; };
		B5790A3025E78F2C006C0962 /* SceneDelegate.swift */ = {isa = PBXFileReference; lastKnownFileType = sourcecode.swift; path = SceneDelegate.swift; sourceTree = "<group>"; };
		B5790A3225E78F2C006C0962 /* RatesVC.swift */ = {isa = PBXFileReference; lastKnownFileType = sourcecode.swift; path = RatesVC.swift; sourceTree = "<group>"; };
		B5790A3725E78F33006C0962 /* Assets.xcassets */ = {isa = PBXFileReference; lastKnownFileType = folder.assetcatalog; path = Assets.xcassets; sourceTree = "<group>"; };
		B5790A3A25E78F33006C0962 /* Base */ = {isa = PBXFileReference; lastKnownFileType = file.storyboard; name = Base; path = Base.lproj/LaunchScreen.storyboard; sourceTree = "<group>"; };
		B5790A3C25E78F34006C0962 /* Info.plist */ = {isa = PBXFileReference; lastKnownFileType = text.plist.xml; path = Info.plist; sourceTree = "<group>"; };
		B5790A4225EBB934006C0962 /* RateAPIManager.swift */ = {isa = PBXFileReference; lastKnownFileType = sourcecode.swift; path = RateAPIManager.swift; sourceTree = "<group>"; };
		B5790A4425EBBE8F006C0962 /* Rate.swift */ = {isa = PBXFileReference; lastKnownFileType = sourcecode.swift; path = Rate.swift; sourceTree = "<group>"; };
		B5FAD35725EBF60800B1BA47 /* Currency.swift */ = {isa = PBXFileReference; lastKnownFileType = sourcecode.swift; path = Currency.swift; sourceTree = "<group>"; };
		B5FAD35925EC9B5B00B1BA47 /* EndpointType.swift */ = {isa = PBXFileReference; lastKnownFileType = sourcecode.swift; path = EndpointType.swift; sourceTree = "<group>"; };
		B5FAD35B25EC9C8000B1BA47 /* RateRouter.swift */ = {isa = PBXFileReference; lastKnownFileType = sourcecode.swift; path = RateRouter.swift; sourceTree = "<group>"; };
		E2782CB5822749667B07FC40 /* Pods_Curventer.framework */ = {isa = PBXFileReference; explicitFileType = wrapper.framework; includeInIndex = 0; path = Pods_Curventer.framework; sourceTree = BUILT_PRODUCTS_DIR; };
/* End PBXFileReference section */

/* Begin PBXFrameworksBuildPhase section */
		B5790A2825E78F2B006C0962 /* Frameworks */ = {
			isa = PBXFrameworksBuildPhase;
			buildActionMask = 2147483647;
			files = (
				A80331BD8F771289D52277E4 /* Pods_Curventer.framework in Frameworks */,
			);
			runOnlyForDeploymentPostprocessing = 0;
		};
/* End PBXFrameworksBuildPhase section */

/* Begin PBXGroup section */
		9A01D7BCCD53B0E88E71ABEB /* Pods */ = {
			isa = PBXGroup;
			children = (
				8050DA07EF1E19547211472A /* Pods-Curventer.debug.xcconfig */,
				1A26FFDB735D244155CD3028 /* Pods-Curventer.release.xcconfig */,
			);
			path = Pods;
			sourceTree = "<group>";
		};
		AF2660C7E8008F4DBBB8DE4B /* Frameworks */ = {
			isa = PBXGroup;
			children = (
				E2782CB5822749667B07FC40 /* Pods_Curventer.framework */,
			);
			name = Frameworks;
			sourceTree = "<group>";
		};
		B51BD36C25EBE3DA00DDCC8C /* Models */ = {
			isa = PBXGroup;
			children = (
				B5790A4425EBBE8F006C0962 /* Rate.swift */,
				B5FAD35725EBF60800B1BA47 /* Currency.swift */,
				B5FAD35B25EC9C8000B1BA47 /* RateRouter.swift */,
			);
			path = Models;
			sourceTree = "<group>";
		};
		B51BD37025EBE4F700DDCC8C /* Resources */ = {
			isa = PBXGroup;
			children = (
				B5790A3725E78F33006C0962 /* Assets.xcassets */,
				B5790A3925E78F33006C0962 /* LaunchScreen.storyboard */,
			);
			path = Resources;
			sourceTree = "<group>";
		};
		B51BD37125EBE54700DDCC8C /* Networking */ = {
			isa = PBXGroup;
			children = (
				B5790A4225EBB934006C0962 /* RateAPIManager.swift */,
				B5FAD35925EC9B5B00B1BA47 /* EndpointType.swift */,
				B56B45A825ED1AA400CD3BAA /* NetworkError.swift */,
			);
			path = Networking;
			sourceTree = "<group>";
		};
		B56B45AA25ED624100CD3BAA /* PresentationLayer */ = {
			isa = PBXGroup;
			children = (
				B56B45AB25ED626500CD3BAA /* RatesModule */,
			);
			path = PresentationLayer;
			sourceTree = "<group>";
		};
		B56B45AB25ED626500CD3BAA /* RatesModule */ = {
			isa = PBXGroup;
			children = (
				B5790A3225E78F2C006C0962 /* RatesVC.swift */,
				B51BD36A25EBE25A00DDCC8C /* CurrencyCell.swift */,
			);
			path = RatesModule;
			sourceTree = "<group>";
		};
		B56B45AC25ED63FC00CD3BAA /* Services */ = {
			isa = PBXGroup;
			children = (
				B51BD37125EBE54700DDCC8C /* Networking */,
			);
			path = Services;
			sourceTree = "<group>";
		};
		B5790A2225E78F2B006C0962 = {
			isa = PBXGroup;
			children = (
				B5790A2D25E78F2B006C0962 /* Curventer */,
				B5790A2C25E78F2B006C0962 /* Products */,
				9A01D7BCCD53B0E88E71ABEB /* Pods */,
				AF2660C7E8008F4DBBB8DE4B /* Frameworks */,
			);
			sourceTree = "<group>";
		};
		B5790A2C25E78F2B006C0962 /* Products */ = {
			isa = PBXGroup;
			children = (
				B5790A2B25E78F2B006C0962 /* Curventer.app */,
			);
			name = Products;
			sourceTree = "<group>";
		};
		B5790A2D25E78F2B006C0962 /* Curventer */ = {
			isa = PBXGroup;
			children = (
				B56B45AA25ED624100CD3BAA /* PresentationLayer */,
				B56B45AC25ED63FC00CD3BAA /* Services */,
				B51BD36C25EBE3DA00DDCC8C /* Models */,
				B51BD37025EBE4F700DDCC8C /* Resources */,
				B5790A2E25E78F2B006C0962 /* AppDelegate.swift */,
				B5790A3025E78F2C006C0962 /* SceneDelegate.swift */,
				B5790A3C25E78F34006C0962 /* Info.plist */,
			);
			path = Curventer;
			sourceTree = "<group>";
		};
/* End PBXGroup section */

/* Begin PBXNativeTarget section */
		B5790A2A25E78F2B006C0962 /* Curventer */ = {
			isa = PBXNativeTarget;
			buildConfigurationList = B5790A3F25E78F34006C0962 /* Build configuration list for PBXNativeTarget "Curventer" */;
			buildPhases = (
				CEA964FAF0720EA41B53DD56 /* [CP] Check Pods Manifest.lock */,
				B5790A2725E78F2B006C0962 /* Sources */,
				B5790A2825E78F2B006C0962 /* Frameworks */,
				B5790A2925E78F2B006C0962 /* Resources */,
				A3652FE64ACC043CCCFA51A0 /* [CP] Embed Pods Frameworks */,
			);
			buildRules = (
			);
			dependencies = (
			);
			name = Curventer;
			productName = Curventer;
			productReference = B5790A2B25E78F2B006C0962 /* Curventer.app */;
			productType = "com.apple.product-type.application";
		};
/* End PBXNativeTarget section */

/* Begin PBXProject section */
		B5790A2325E78F2B006C0962 /* Project object */ = {
			isa = PBXProject;
			attributes = {
				LastSwiftUpdateCheck = 1100;
				LastUpgradeCheck = 1100;
				ORGANIZATIONNAME = Konstantin;
				TargetAttributes = {
					B5790A2A25E78F2B006C0962 = {
						CreatedOnToolsVersion = 11.0;
					};
				};
			};
			buildConfigurationList = B5790A2625E78F2B006C0962 /* Build configuration list for PBXProject "Curventer" */;
			compatibilityVersion = "Xcode 9.3";
			developmentRegion = en;
			hasScannedForEncodings = 0;
			knownRegions = (
				en,
				Base,
			);
			mainGroup = B5790A2225E78F2B006C0962;
			productRefGroup = B5790A2C25E78F2B006C0962 /* Products */;
			projectDirPath = "";
			projectRoot = "";
			targets = (
				B5790A2A25E78F2B006C0962 /* Curventer */,
			);
		};
/* End PBXProject section */

/* Begin PBXResourcesBuildPhase section */
		B5790A2925E78F2B006C0962 /* Resources */ = {
			isa = PBXResourcesBuildPhase;
			buildActionMask = 2147483647;
			files = (
				B5790A3B25E78F33006C0962 /* LaunchScreen.storyboard in Resources */,
				B5790A3825E78F33006C0962 /* Assets.xcassets in Resources */,
			);
			runOnlyForDeploymentPostprocessing = 0;
		};
/* End PBXResourcesBuildPhase section */

/* Begin PBXShellScriptBuildPhase section */
		A3652FE64ACC043CCCFA51A0 /* [CP] Embed Pods Frameworks */ = {
			isa = PBXShellScriptBuildPhase;
			buildActionMask = 2147483647;
			files = (
			);
			inputFileListPaths = (
				"${PODS_ROOT}/Target Support Files/Pods-Curventer/Pods-Curventer-frameworks-${CONFIGURATION}-input-files.xcfilelist",
			);
			name = "[CP] Embed Pods Frameworks";
			outputFileListPaths = (
				"${PODS_ROOT}/Target Support Files/Pods-Curventer/Pods-Curventer-frameworks-${CONFIGURATION}-output-files.xcfilelist",
			);
			runOnlyForDeploymentPostprocessing = 0;
			shellPath = /bin/sh;
			shellScript = "\"${PODS_ROOT}/Target Support Files/Pods-Curventer/Pods-Curventer-frameworks.sh\"\n";
			showEnvVarsInLog = 0;
		};
		CEA964FAF0720EA41B53DD56 /* [CP] Check Pods Manifest.lock */ = {
			isa = PBXShellScriptBuildPhase;
			buildActionMask = 2147483647;
			files = (
			);
			inputFileListPaths = (
			);
			inputPaths = (
				"${PODS_PODFILE_DIR_PATH}/Podfile.lock",
				"${PODS_ROOT}/Manifest.lock",
			);
			name = "[CP] Check Pods Manifest.lock";
			outputFileListPaths = (
			);
			outputPaths = (
				"$(DERIVED_FILE_DIR)/Pods-Curventer-checkManifestLockResult.txt",
			);
			runOnlyForDeploymentPostprocessing = 0;
			shellPath = /bin/sh;
			shellScript = "diff \"${PODS_PODFILE_DIR_PATH}/Podfile.lock\" \"${PODS_ROOT}/Manifest.lock\" > /dev/null\nif [ $? != 0 ] ; then\n    # print error to STDERR\n    echo \"error: The sandbox is not in sync with the Podfile.lock. Run 'pod install' or update your CocoaPods installation.\" >&2\n    exit 1\nfi\n# This output is used by Xcode 'outputs' to avoid re-running this script phase.\necho \"SUCCESS\" > \"${SCRIPT_OUTPUT_FILE_0}\"\n";
			showEnvVarsInLog = 0;
		};
/* End PBXShellScriptBuildPhase section */

/* Begin PBXSourcesBuildPhase section */
		B5790A2725E78F2B006C0962 /* Sources */ = {
			isa = PBXSourcesBuildPhase;
			buildActionMask = 2147483647;
			files = (
				B5FAD35A25EC9B5B00B1BA47 /* EndpointType.swift in Sources */,
				B51BD36B25EBE25A00DDCC8C /* CurrencyCell.swift in Sources */,
				B5FAD35C25EC9C8000B1BA47 /* RateRouter.swift in Sources */,
				B5790A4325EBB934006C0962 /* RateAPIManager.swift in Sources */,
				B5790A3325E78F2C006C0962 /* RatesVC.swift in Sources */,
				B5790A2F25E78F2B006C0962 /* AppDelegate.swift in Sources */,
				B5790A4525EBBE8F006C0962 /* Rate.swift in Sources */,
				B5FAD35825EBF60800B1BA47 /* Currency.swift in Sources */,
				B5790A3125E78F2C006C0962 /* SceneDelegate.swift in Sources */,
				B56B45A925ED1AA400CD3BAA /* NetworkError.swift in Sources */,
			);
			runOnlyForDeploymentPostprocessing = 0;
		};
/* End PBXSourcesBuildPhase section */

/* Begin PBXVariantGroup section */
		B5790A3925E78F33006C0962 /* LaunchScreen.storyboard */ = {
			isa = PBXVariantGroup;
			children = (
				B5790A3A25E78F33006C0962 /* Base */,
			);
			name = LaunchScreen.storyboard;
			sourceTree = "<group>";
		};
/* End PBXVariantGroup section */

/* Begin XCBuildConfiguration section */
		B5790A3D25E78F34006C0962 /* Debug */ = {
			isa = XCBuildConfiguration;
			buildSettings = {
				ALWAYS_SEARCH_USER_PATHS = NO;
				CLANG_ANALYZER_NONNULL = YES;
				CLANG_ANALYZER_NUMBER_OBJECT_CONVERSION = YES_AGGRESSIVE;
				CLANG_CXX_LANGUAGE_STANDARD = "gnu++14";
				CLANG_CXX_LIBRARY = "libc++";
				CLANG_ENABLE_MODULES = YES;
				CLANG_ENABLE_OBJC_ARC = YES;
				CLANG_ENABLE_OBJC_WEAK = YES;
				CLANG_WARN_BLOCK_CAPTURE_AUTORELEASING = YES;
				CLANG_WARN_BOOL_CONVERSION = YES;
				CLANG_WARN_COMMA = YES;
				CLANG_WARN_CONSTANT_CONVERSION = YES;
				CLANG_WARN_DEPRECATED_OBJC_IMPLEMENTATIONS = YES;
				CLANG_WARN_DIRECT_OBJC_ISA_USAGE = YES_ERROR;
				CLANG_WARN_DOCUMENTATION_COMMENTS = YES;
				CLANG_WARN_EMPTY_BODY = YES;
				CLANG_WARN_ENUM_CONVERSION = YES;
				CLANG_WARN_INFINITE_RECURSION = YES;
				CLANG_WARN_INT_CONVERSION = YES;
				CLANG_WARN_NON_LITERAL_NULL_CONVERSION = YES;
				CLANG_WARN_OBJC_IMPLICIT_RETAIN_SELF = YES;
				CLANG_WARN_OBJC_LITERAL_CONVERSION = YES;
				CLANG_WARN_OBJC_ROOT_CLASS = YES_ERROR;
				CLANG_WARN_RANGE_LOOP_ANALYSIS = YES;
				CLANG_WARN_STRICT_PROTOTYPES = YES;
				CLANG_WARN_SUSPICIOUS_MOVE = YES;
				CLANG_WARN_UNGUARDED_AVAILABILITY = YES_AGGRESSIVE;
				CLANG_WARN_UNREACHABLE_CODE = YES;
				CLANG_WARN__DUPLICATE_METHOD_MATCH = YES;
				COPY_PHASE_STRIP = NO;
				DEBUG_INFORMATION_FORMAT = dwarf;
				ENABLE_STRICT_OBJC_MSGSEND = YES;
				ENABLE_TESTABILITY = YES;
				GCC_C_LANGUAGE_STANDARD = gnu11;
				GCC_DYNAMIC_NO_PIC = NO;
				GCC_NO_COMMON_BLOCKS = YES;
				GCC_OPTIMIZATION_LEVEL = 0;
				GCC_PREPROCESSOR_DEFINITIONS = (
					"DEBUG=1",
					"$(inherited)",
				);
				GCC_WARN_64_TO_32_BIT_CONVERSION = YES;
				GCC_WARN_ABOUT_RETURN_TYPE = YES_ERROR;
				GCC_WARN_UNDECLARED_SELECTOR = YES;
				GCC_WARN_UNINITIALIZED_AUTOS = YES_AGGRESSIVE;
				GCC_WARN_UNUSED_FUNCTION = YES;
				GCC_WARN_UNUSED_VARIABLE = YES;
				IPHONEOS_DEPLOYMENT_TARGET = 13.0;
				MTL_ENABLE_DEBUG_INFO = INCLUDE_SOURCE;
				MTL_FAST_MATH = YES;
				ONLY_ACTIVE_ARCH = YES;
				SDKROOT = iphoneos;
				SWIFT_ACTIVE_COMPILATION_CONDITIONS = DEBUG;
				SWIFT_OPTIMIZATION_LEVEL = "-Onone";
			};
			name = Debug;
		};
		B5790A3E25E78F34006C0962 /* Release */ = {
			isa = XCBuildConfiguration;
			buildSettings = {
				ALWAYS_SEARCH_USER_PATHS = NO;
				CLANG_ANALYZER_NONNULL = YES;
				CLANG_ANALYZER_NUMBER_OBJECT_CONVERSION = YES_AGGRESSIVE;
				CLANG_CXX_LANGUAGE_STANDARD = "gnu++14";
				CLANG_CXX_LIBRARY = "libc++";
				CLANG_ENABLE_MODULES = YES;
				CLANG_ENABLE_OBJC_ARC = YES;
				CLANG_ENABLE_OBJC_WEAK = YES;
				CLANG_WARN_BLOCK_CAPTURE_AUTORELEASING = YES;
				CLANG_WARN_BOOL_CONVERSION = YES;
				CLANG_WARN_COMMA = YES;
				CLANG_WARN_CONSTANT_CONVERSION = YES;
				CLANG_WARN_DEPRECATED_OBJC_IMPLEMENTATIONS = YES;
				CLANG_WARN_DIRECT_OBJC_ISA_USAGE = YES_ERROR;
				CLANG_WARN_DOCUMENTATION_COMMENTS = YES;
				CLANG_WARN_EMPTY_BODY = YES;
				CLANG_WARN_ENUM_CONVERSION = YES;
				CLANG_WARN_INFINITE_RECURSION = YES;
				CLANG_WARN_INT_CONVERSION = YES;
				CLANG_WARN_NON_LITERAL_NULL_CONVERSION = YES;
				CLANG_WARN_OBJC_IMPLICIT_RETAIN_SELF = YES;
				CLANG_WARN_OBJC_LITERAL_CONVERSION = YES;
				CLANG_WARN_OBJC_ROOT_CLASS = YES_ERROR;
				CLANG_WARN_RANGE_LOOP_ANALYSIS = YES;
				CLANG_WARN_STRICT_PROTOTYPES = YES;
				CLANG_WARN_SUSPICIOUS_MOVE = YES;
				CLANG_WARN_UNGUARDED_AVAILABILITY = YES_AGGRESSIVE;
				CLANG_WARN_UNREACHABLE_CODE = YES;
				CLANG_WARN__DUPLICATE_METHOD_MATCH = YES;
				COPY_PHASE_STRIP = NO;
				DEBUG_INFORMATION_FORMAT = "dwarf-with-dsym";
				ENABLE_NS_ASSERTIONS = NO;
				ENABLE_STRICT_OBJC_MSGSEND = YES;
				GCC_C_LANGUAGE_STANDARD = gnu11;
				GCC_NO_COMMON_BLOCKS = YES;
				GCC_WARN_64_TO_32_BIT_CONVERSION = YES;
				GCC_WARN_ABOUT_RETURN_TYPE = YES_ERROR;
				GCC_WARN_UNDECLARED_SELECTOR = YES;
				GCC_WARN_UNINITIALIZED_AUTOS = YES_AGGRESSIVE;
				GCC_WARN_UNUSED_FUNCTION = YES;
				GCC_WARN_UNUSED_VARIABLE = YES;
				IPHONEOS_DEPLOYMENT_TARGET = 13.0;
				MTL_ENABLE_DEBUG_INFO = NO;
				MTL_FAST_MATH = YES;
				SDKROOT = iphoneos;
				SWIFT_COMPILATION_MODE = wholemodule;
				SWIFT_OPTIMIZATION_LEVEL = "-O";
				VALIDATE_PRODUCT = YES;
			};
			name = Release;
		};
		B5790A4025E78F34006C0962 /* Debug */ = {
			isa = XCBuildConfiguration;
			baseConfigurationReference = 8050DA07EF1E19547211472A /* Pods-Curventer.debug.xcconfig */;
			buildSettings = {
				ASSETCATALOG_COMPILER_APPICON_NAME = AppIcon;
				CODE_SIGN_STYLE = Automatic;
				INFOPLIST_FILE = Curventer/Info.plist;
				LD_RUNPATH_SEARCH_PATHS = (
					"$(inherited)",
					"@executable_path/Frameworks",
				);
				PRODUCT_BUNDLE_IDENTIFIER = com.konstantin.Curventer;
				PRODUCT_NAME = "$(TARGET_NAME)";
				SWIFT_VERSION = 5.0;
				TARGETED_DEVICE_FAMILY = 1;
			};
			name = Debug;
		};
		B5790A4125E78F34006C0962 /* Release */ = {
			isa = XCBuildConfiguration;
			baseConfigurationReference = 1A26FFDB735D244155CD3028 /* Pods-Curventer.release.xcconfig */;
			buildSettings = {
				ASSETCATALOG_COMPILER_APPICON_NAME = AppIcon;
				CODE_SIGN_STYLE = Automatic;
				INFOPLIST_FILE = Curventer/Info.plist;
				LD_RUNPATH_SEARCH_PATHS = (
					"$(inherited)",
					"@executable_path/Frameworks",
				);
				PRODUCT_BUNDLE_IDENTIFIER = com.konstantin.Curventer;
				PRODUCT_NAME = "$(TARGET_NAME)";
				SWIFT_VERSION = 5.0;
				TARGETED_DEVICE_FAMILY = 1;
			};
			name = Release;
		};
/* End XCBuildConfiguration section */

/* Begin XCConfigurationList section */
		B5790A2625E78F2B006C0962 /* Build configuration list for PBXProject "Curventer" */ = {
			isa = XCConfigurationList;
			buildConfigurations = (
				B5790A3D25E78F34006C0962 /* Debug */,
				B5790A3E25E78F34006C0962 /* Release */,
			);
			defaultConfigurationIsVisible = 0;
			defaultConfigurationName = Release;
		};
		B5790A3F25E78F34006C0962 /* Build configuration list for PBXNativeTarget "Curventer" */ = {
			isa = XCConfigurationList;
			buildConfigurations = (
				B5790A4025E78F34006C0962 /* Debug */,
				B5790A4125E78F34006C0962 /* Release */,
			);
			defaultConfigurationIsVisible = 0;
			defaultConfigurationName = Release;
		};
/* End XCConfigurationList section */
	};
	rootObject = B5790A2325E78F2B006C0962 /* Project object */;
}
